
Microsoft Visual Studio Solution File, Format Version 12.00
# Visual Studio Version 16
VisualStudioVersion = 16.0.31112.23
MinimumVisualStudioVersion = 10.0.40219.1
Project("{FAE04EC0-301F-11D3-BF4B-00C04F79EFBC}") = "WpfApp1", "WpfApp1.csproj", "{1D5391BE-8CDB-4CCD-8208-EA68C6932017}"
EndProject
Global
	GlobalSection(SolutionConfigurationPlatforms) = preSolution
		Debug|Any CPU = Debug|Any CPU
		Release|Any CPU = Release|Any CPU
	EndGlobalSection
	GlobalSection(ProjectConfigurationPlatforms) = postSolution
		{1D5391BE-8CDB-4CCD-8208-EA68C6932017}.Debug|Any CPU.ActiveCfg = Debug|Any CPU
		{1D5391BE-8CDB-4CCD-8208-EA68C6932017}.Debug|Any CPU.Build.0 = Debug|Any CPU
		{1D5391BE-8CDB-4CCD-8208-EA68C6932017}.Release|Any CPU.ActiveCfg = Release|Any CPU
		{1D5391BE-8CDB-4CCD-8208-EA68C6932017}.Release|Any CPU.Build.0 = Release|Any CPU
	EndGlobalSection
	GlobalSection(SolutionProperties) = preSolution
		HideSolutionNode = FALSE
	EndGlobalSection
	GlobalSection(ExtensibilityGlobals) = postSolution
		SolutionGuid = {DF9ACA9D-344B-4959-A6FD-6E718FEDF06E}
	EndGlobalSection
EndGlobal
